
Microsoft Visual Studio Solution File, Format Version 12.00
# Visual Studio Version 17
VisualStudioVersion = 17.13.35806.99
MinimumVisualStudioVersion = 10.0.40219.1
Project("{9A19103F-16F7-4668-BE54-9A1E7A4F7556}") = "PresentationLayer", "PresentationLayer\PresentationLayer.csproj", "{8126CAAA-125E-4CC2-9CAA-B5700F8C7C8F}"
EndProject
Project("{9A19103F-16F7-4668-BE54-9A1E7A4F7556}") = "DomainLayer", "DomainLayer\DomainLayer.csproj", "{6F6A063A-26CB-4E5A-9924-C4EF8E7445C3}"
EndProject
Project("{9A19103F-16F7-4668-BE54-9A1E7A4F7556}") = "InfrastructureLayer", "InfrastructureLayer\InfrastructureLayer.csproj", "{C74B5B6C-45FD-4CA9-81FB-9E5E02907439}"
EndProject
Project("{9A19103F-16F7-4668-BE54-9A1E7A4F7556}") = "ServicesLayer", "ServicesLayer\ServicesLayer.csproj", "{73679738-F08A-4EDA-8B83-5F45BBFFB71B}"
EndProject
Global
	GlobalSection(SolutionConfigurationPlatforms) = preSolution
		Debug|Any CPU = Debug|Any CPU
		Release|Any CPU = Release|Any CPU
	EndGlobalSection
	GlobalSection(ProjectConfigurationPlatforms) = postSolution
		{8126CAAA-125E-4CC2-9CAA-B5700F8C7C8F}.Debug|Any CPU.ActiveCfg = Debug|Any CPU
		{8126CAAA-125E-4CC2-9CAA-B5700F8C7C8F}.Debug|Any CPU.Build.0 = Debug|Any CPU
		{8126CAAA-125E-4CC2-9CAA-B5700F8C7C8F}.Release|Any CPU.ActiveCfg = Release|Any CPU
		{8126CAAA-125E-4CC2-9CAA-B5700F8C7C8F}.Release|Any CPU.Build.0 = Release|Any CPU
		{6F6A063A-26CB-4E5A-9924-C4EF8E7445C3}.Debug|Any CPU.ActiveCfg = Debug|Any CPU
		{6F6A063A-26CB-4E5A-9924-C4EF8E7445C3}.Debug|Any CPU.Build.0 = Debug|Any CPU
		{6F6A063A-26CB-4E5A-9924-C4EF8E7445C3}.Release|Any CPU.ActiveCfg = Release|Any CPU
		{6F6A063A-26CB-4E5A-9924-C4EF8E7445C3}.Release|Any CPU.Build.0 = Release|Any CPU
		{C74B5B6C-45FD-4CA9-81FB-9E5E02907439}.Debug|Any CPU.ActiveCfg = Debug|Any CPU
		{C74B5B6C-45FD-4CA9-81FB-9E5E02907439}.Debug|Any CPU.Build.0 = Debug|Any CPU
		{C74B5B6C-45FD-4CA9-81FB-9E5E02907439}.Release|Any CPU.ActiveCfg = Release|Any CPU
		{C74B5B6C-45FD-4CA9-81FB-9E5E02907439}.Release|Any CPU.Build.0 = Release|Any CPU
		{73679738-F08A-4EDA-8B83-5F45BBFFB71B}.Debug|Any CPU.ActiveCfg = Debug|Any CPU
		{73679738-F08A-4EDA-8B83-5F45BBFFB71B}.Debug|Any CPU.Build.0 = Debug|Any CPU
		{73679738-F08A-4EDA-8B83-5F45BBFFB71B}.Release|Any CPU.ActiveCfg = Release|Any CPU
		{73679738-F08A-4EDA-8B83-5F45BBFFB71B}.Release|Any CPU.Build.0 = Release|Any CPU
	EndGlobalSection
	GlobalSection(SolutionProperties) = preSolution
		HideSolutionNode = FALSE
	EndGlobalSection
	GlobalSection(ExtensibilityGlobals) = postSolution
		SolutionGuid = {9A8AF848-924E-49F3-A7D9-2DE8498FA270}
	EndGlobalSection
EndGlobal
